
Microsoft Visual Studio Solution File, Format Version 12.00
# Visual Studio Version 17
VisualStudioVersion = 17.7.34031.279
MinimumVisualStudioVersion = 10.0.40219.1
Project("{FAE04EC0-301F-11D3-BF4B-00C04F79EFBC}") = "Obfuscator", "Obfuscator\Obfuscator.csproj", "{D0543FB6-8C7A-4D1C-88E3-EE2E19D88C3D}"
EndProject
Global
	GlobalSection(SolutionConfigurationPlatforms) = preSolution
		Debug|Any CPU = Debug|Any CPU
		Release|Any CPU = Release|Any CPU
	EndGlobalSection
	GlobalSection(ProjectConfigurationPlatforms) = postSolution
		{D0543FB6-8C7A-4D1C-88E3-EE2E19D88C3D}.Debug|Any CPU.ActiveCfg = Debug|Any CPU
		{D0543FB6-8C7A-4D1C-88E3-EE2E19D88C3D}.Debug|Any CPU.Build.0 = Debug|Any CPU
		{D0543FB6-8C7A-4D1C-88E3-EE2E19D88C3D}.Release|Any CPU.ActiveCfg = Release|Any CPU
		{D0543FB6-8C7A-4D1C-88E3-EE2E19D88C3D}.Release|Any CPU.Build.0 = Release|Any CPU
	EndGlobalSection
	GlobalSection(SolutionProperties) = preSolution
		HideSolutionNode = FALSE
	EndGlobalSection
	GlobalSection(ExtensibilityGlobals) = postSolution
		SolutionGuid = {DF79181D-D507-4988-B5E2-57C565C36532}
	EndGlobalSection
EndGlobal
